{
  "nodes": {
    "home-manager": {
      "inputs": {
        "nixpkgs": [
          "nixpkgs"
        ]
      },
      "locked": {
        "lastModified": 1688220547,
        "narHash": "sha256-cNKKLPaEOxd6t22Mt3tHGubyylbKGdoi2A3QkMTKes0=",
        "owner": "nix-community",
        "repo": "home-manager",
        "rev": "89d10f8adce369a80e046c2fd56d1e7b7507bb5b",
        "type": "github"
      },
      "original": {
        "owner": "nix-community",
        "repo": "home-manager",
        "type": "github"
      }
    },
    "nixpkgs": {
      "locked": {
        "lastModified": 1688049487,
        "narHash": "sha256-100g4iaKC9MalDjUW9iN6Jl/OocTDtXdeAj7pEGIRh4=",
        "owner": "NixOS",
        "repo": "nixpkgs",
        "rev": "4bc72cae107788bf3f24f30db2e2f685c9298dc9",
        "type": "github"
      },
      "original": {
        "owner": "NixOS",
        "ref": "nixos-unstable",
        "repo": "nixpkgs",
        "type": "github"
      }
    },
    "nur": {
      "locked": {
        "lastModified": 1688263683,
        "narHash": "sha256-le1AtaVTHTrF4rh1xVvGDANpp/d0V3+bDrloA7so3nE=",
        "owner": "nix-community",
        "repo": "NUR",
        "rev": "96ee6c89c8989b96121a826d653828e8cb05eeef",
        "type": "github"
      },
      "original": {
        "owner": "nix-community",
        "repo": "NUR",
        "type": "github"
      }
    },
    "nvim-config": {
      "flake": false,
      "locked": {
        "lastModified": 1688267650,
        "narHash": "sha256-N8H9UBLHVXaTPmU5fxiNvmn/S+HnUEcPphXCEgGA9TI=",
        "ref": "despacito",
        "rev": "c55a10634693008155b990cb74fa2830361c8b8d",
        "revCount": 108,
        "type": "git",
        "url": "https://github.com/AsterisMono/nvim-config"
      },
      "original": {
        "ref": "despacito",
        "type": "git",
        "url": "https://github.com/AsterisMono/nvim-config"
      }
    },
    "root": {
      "inputs": {
        "home-manager": "home-manager",
        "nixpkgs": "nixpkgs",
        "nur": "nur",
        "nvim-config": "nvim-config"
      }
    }
  },
  "root": "root",
  "version": 7
}
