{
  "nodes": {
    "home-manager": {
      "inputs": {
        "nixpkgs": [
          "nixpkgs"
        ]
      },
      "locked": {
        "lastModified": 1688467264,
        "narHash": "sha256-AUQP1WtmBb36bRc41p5ieTwq6Y8pgiKurbdrsPeP3fg=",
        "owner": "nix-community",
        "repo": "home-manager",
        "rev": "b406b8d1bc90f6cd3e120d189b3e929f17ca4aea",
        "type": "github"
      },
      "original": {
        "owner": "nix-community",
        "repo": "home-manager",
        "type": "github"
      }
    },
    "myNurPackages": {
      "inputs": {
        "nixpkgs": [
          "nixpkgs"
        ]
      },
      "locked": {
        "lastModified": 1688476525,
        "narHash": "sha256-vKVYG7jMDpJTAwK+AkFIVVOr/jMKNxXg8hi7q5WCbOU=",
        "owner": "AsterisMono",
        "repo": "nur-packages",
        "rev": "150de46cf3161d1b40b30338e7c0a61e3724a30f",
        "type": "github"
      },
      "original": {
        "owner": "AsterisMono",
        "repo": "nur-packages",
        "type": "github"
      }
    },
    "nixpkgs": {
      "locked": {
        "lastModified": 1688322751,
        "narHash": "sha256-eW62dC5f33oKZL7VWlomttbUnOTHrAbte9yNUNW8rbk=",
        "owner": "NixOS",
        "repo": "nixpkgs",
        "rev": "0fbe93c5a7cac99f90b60bdf5f149383daaa615f",
        "type": "github"
      },
      "original": {
        "owner": "NixOS",
        "ref": "nixos-unstable",
        "repo": "nixpkgs",
        "type": "github"
      }
    },
    "nur": {
      "locked": {
        "lastModified": 1688532509,
        "narHash": "sha256-zFPewHFhxqjR1Xe2HXcViUcgOG7TQJASkbiqHzsaC5A=",
        "owner": "nix-community",
        "repo": "NUR",
        "rev": "02133e090c5587442bf795f2c328efc5bb75c084",
        "type": "github"
      },
      "original": {
        "owner": "nix-community",
        "repo": "NUR",
        "type": "github"
      }
    },
    "nvim-config": {
      "flake": false,
      "locked": {
        "lastModified": 1688534410,
        "narHash": "sha256-x5s+18KqiuHBRmCglW2RFhT8E6Jqrf0w6mH/7RC7/JQ=",
        "ref": "despacito",
        "rev": "cc6d82a5e6700083e92e6c3bb512290cf5c12ff6",
        "revCount": 111,
        "type": "git",
        "url": "https://github.com/AsterisMono/nvim-config"
      },
      "original": {
        "ref": "despacito",
        "type": "git",
        "url": "https://github.com/AsterisMono/nvim-config"
      }
    },
    "root": {
      "inputs": {
        "home-manager": "home-manager",
        "myNurPackages": "myNurPackages",
        "nixpkgs": "nixpkgs",
        "nur": "nur",
        "nvim-config": "nvim-config"
      }
    }
  },
  "root": "root",
  "version": 7
}
