{
  "nodes": {
    "home-manager": {
      "inputs": {
        "nixpkgs": [
          "nixpkgs"
        ]
      },
      "locked": {
        "lastModified": 1688168945,
        "narHash": "sha256-AfBdMc2JU54YKaOAvCR0t3dWQIA1bLKb9vGnaZJUh0E=",
        "owner": "nix-community",
        "repo": "home-manager",
        "rev": "44d1a8542ac92f0ce75d970090216245043a2709",
        "type": "github"
      },
      "original": {
        "owner": "nix-community",
        "repo": "home-manager",
        "type": "github"
      }
    },
    "nixpkgs": {
      "locked": {
        "lastModified": 1688049487,
        "narHash": "sha256-100g4iaKC9MalDjUW9iN6Jl/OocTDtXdeAj7pEGIRh4=",
        "owner": "NixOS",
        "repo": "nixpkgs",
        "rev": "4bc72cae107788bf3f24f30db2e2f685c9298dc9",
        "type": "github"
      },
      "original": {
        "owner": "NixOS",
        "ref": "nixos-unstable",
        "repo": "nixpkgs",
        "type": "github"
      }
    },
    "nur": {
      "locked": {
        "lastModified": 1688183873,
        "narHash": "sha256-FPze0lNtf39zNgxjUlPPDO5sqjQ+Ag4whk2fttssb8k=",
        "owner": "nix-community",
        "repo": "NUR",
        "rev": "3fe146afa1ac5b02fa9143b9ef5a0738e27021c1",
        "type": "github"
      },
      "original": {
        "owner": "nix-community",
        "repo": "NUR",
        "type": "github"
      }
    },
    "nvim-config": {
      "flake": false,
      "locked": {
        "lastModified": 1688187389,
        "narHash": "sha256-NaDs2lo/dduB7TL/vXaYxKHbGUrjcU5W9q6irPp6xeY=",
        "ref": "despacito",
        "rev": "b281ff7877c09222cf46a3a9d86535123d2c5daa",
        "revCount": 106,
        "type": "git",
        "url": "https://github.com/AsterisMono/nvim-config"
      },
      "original": {
        "ref": "despacito",
        "type": "git",
        "url": "https://github.com/AsterisMono/nvim-config"
      }
    },
    "root": {
      "inputs": {
        "home-manager": "home-manager",
        "nixpkgs": "nixpkgs",
        "nur": "nur",
        "nvim-config": "nvim-config"
      }
    }
  },
  "root": "root",
  "version": 7
}
